
Microsoft Visual Studio Solution File, Format Version 12.00
# Visual Studio Version 17
VisualStudioVersion = 17.14.37614.0 d17.14
MinimumVisualStudioVersion = 10.0.40219.1
Project("{FAE04EC0-301F-11D3-BF4B-00C04F79EFBC}") = "DotNetProductApi", "DotNetProductApi.csproj", "{87F028C0-1489-4BC5-8517-6CBFCAA428ED}"
EndProject
Global
	GlobalSection(SolutionConfigurationPlatforms) = preSolution
		Debug|Any CPU = Debug|Any CPU
		Release|Any CPU = Release|Any CPU
	EndGlobalSection
	GlobalSection(ProjectConfigurationPlatforms) = postSolution
		{87F028C0-1489-4BC5-8517-6CBFCAA428ED}.Debug|Any CPU.ActiveCfg = Debug|Any CPU
		{87F028C0-1489-4BC5-8517-6CBFCAA428ED}.Debug|Any CPU.Build.0 = Debug|Any CPU
		{87F028C0-1489-4BC5-8517-6CBFCAA428ED}.Release|Any CPU.ActiveCfg = Release|Any CPU
		{87F028C0-1489-4BC5-8517-6CBFCAA428ED}.Release|Any CPU.Build.0 = Release|Any CPU
	EndGlobalSection
	GlobalSection(SolutionProperties) = preSolution
		HideSolutionNode = FALSE
	EndGlobalSection
	GlobalSection(ExtensibilityGlobals) = postSolution
		SolutionGuid = {58C493C8-D518-497C-85AD-A13E92BBA402}
	EndGlobalSection
EndGlobal
